<?xml version="1.0" encoding="utf-8"?>
<Project ToolsVersion="4.0" xmlns="http://schemas.microsoft.com/developer/msbuild/2003">
  <ItemGroup>
    <Filter Include="Generated Files">
      <UniqueIdentifier>{71ED8ED8-ACB9-4CE9-BBE1-E00B30144E11}</UniqueIdentifier>
      <Extensions>cpp;c;cxx;moc;h;def;odl;idl;res;</Extensions>
    </Filter>
    <Filter Include="Generated Files">
      <UniqueIdentifier>{71ED8ED8-ACB9-4CE9-BBE1-E00B30144E11}</UniqueIdentifier>
      <Extensions>cpp;c;cxx;moc;h;def;odl;idl;res;</Extensions>
    </Filter>
    <Filter Include="Header Files">
      <UniqueIdentifier>{93995380-89BD-4b04-88EB-625FBE52EBFB}</UniqueIdentifier>
      <Extensions>h;hpp;hxx;hm;inl;inc;xsd</Extensions>
    </Filter>
    <Filter Include="Header Files">
      <UniqueIdentifier>{93995380-89BD-4b04-88EB-625FBE52EBFB}</UniqueIdentifier>
      <Extensions>h;hpp;hxx;hm;inl;inc;xsd</Extensions>
    </Filter>
    <Filter Include="Source Files">
      <UniqueIdentifier>{4FC737F1-C7A5-4376-A066-2A32D752A2FF}</UniqueIdentifier>
      <Extensions>cpp;c;cxx;def;odl;idl;hpj;bat;asm;asmx</Extensions>
    </Filter>
    <Filter Include="Source Files">
      <UniqueIdentifier>{4FC737F1-C7A5-4376-A066-2A32D752A2FF}</UniqueIdentifier>
      <Extensions>cpp;c;cxx;def;odl;idl;hpj;bat;asm;asmx</Extensions>
    </Filter>
    <Filter Include="Generated Files\Debug">
      <UniqueIdentifier>{1cd5aea3-37ca-445c-8ecc-c09cf5e5b938}</UniqueIdentifier>
      <Extensions>cpp;moc</Extensions>
      <SourceControlFiles>False</SourceControlFiles>
    </Filter>
    <Filter Include="Generated Files\Release">
      <UniqueIdentifier>{ebdcd073-c1af-4193-8938-6112ec86595d}</UniqueIdentifier>
      <Extensions>cpp;moc</Extensions>
      <SourceControlFiles>False</SourceControlFiles>
    </Filter>
  </ItemGroup>
  <ItemGroup>
    <ClCompile Include="AerogisConfig.cpp">
      <Filter>Source Files</Filter>
    </ClCompile>
    <ClCompile Include="AerogisCore.cpp">
      <Filter>Source Files</Filter>
    </ClCompile>
    <ClCompile Include="..\EarthWidget\EarthWidget.cpp">
      <Filter>Source Files</Filter>
    </ClCompile>
    <ClCompile Include="..\EarthWidget\OSGGroup.cpp">
      <Filter>Source Files</Filter>
    </ClCompile>
    <ClCompile Include="..\EarthWidget\OSGNode.cpp">
      <Filter>Source Files</Filter>
    </ClCompile>
    <ClCompile Include="..\EarthWidget\OSGNodeFile.cpp">
      <Filter>Source Files</Filter>
    </ClCompile>
    <ClCompile Include="..\EarthWidget\OSGViewport.cpp">
      <Filter>Source Files</Filter>
    </ClCompile>
    <ClCompile Include="..\EarthWidget\QuickWindowViewer.cpp">
      <Filter>Source Files</Filter>
    </ClCompile>
    <ClCompile Include="..\EarthWidget\ShaderFix.cpp">
      <Filter>Source Files</Filter>
    </ClCompile>
    <ClCompile Include="..\EarthWidget\Utility.cpp">
      <Filter>Source Files</Filter>
    </ClCompile>
    <ClCompile Include="aerogis_plugin.cpp">
      <Filter>Source Files</Filter>
    </ClCompile>
    <ClCompile Include="Debug\moc_AerogisConfig.cpp">
      <Filter>Generated Files\Debug</Filter>
    </ClCompile>
    <ClCompile Include="Release\moc_AerogisConfig.cpp">
      <Filter>Generated Files\Release</Filter>
    </ClCompile>
    <ClCompile Include="Debug\moc_AerogisCore.cpp">
      <Filter>Generated Files\Debug</Filter>
    </ClCompile>
    <ClCompile Include="Release\moc_AerogisCore.cpp">
      <Filter>Generated Files\Release</Filter>
    </ClCompile>
    <ClCompile Include="Debug\moc_EarthWidget.cpp">
      <Filter>Generated Files\Debug</Filter>
    </ClCompile>
    <ClCompile Include="Release\moc_EarthWidget.cpp">
      <Filter>Generated Files\Release</Filter>
    </ClCompile>
    <ClCompile Include="Debug\moc_OSGGroup.cpp">
      <Filter>Generated Files\Debug</Filter>
    </ClCompile>
    <ClCompile Include="Release\moc_OSGGroup.cpp">
      <Filter>Generated Files\Release</Filter>
    </ClCompile>
    <ClCompile Include="Debug\moc_OSGNode.cpp">
      <Filter>Generated Files\Debug</Filter>
    </ClCompile>
    <ClCompile Include="Release\moc_OSGNode.cpp">
      <Filter>Generated Files\Release</Filter>
    </ClCompile>
    <ClCompile Include="Debug\moc_OSGNodeFile.cpp">
      <Filter>Generated Files\Debug</Filter>
    </ClCompile>
    <ClCompile Include="Release\moc_OSGNodeFile.cpp">
      <Filter>Generated Files\Release</Filter>
    </ClCompile>
    <ClCompile Include="Debug\moc_OSGViewport.cpp">
      <Filter>Generated Files\Debug</Filter>
    </ClCompile>
    <ClCompile Include="Release\moc_OSGViewport.cpp">
      <Filter>Generated Files\Release</Filter>
    </ClCompile>
    <ClCompile Include="Debug\moc_QuickWindowViewer.cpp">
      <Filter>Generated Files\Debug</Filter>
    </ClCompile>
    <ClCompile Include="Release\moc_QuickWindowViewer.cpp">
      <Filter>Generated Files\Release</Filter>
    </ClCompile>
    <ClCompile Include="Debug\moc_aerogis_plugin.cpp">
      <Filter>Generated Files\Debug</Filter>
    </ClCompile>
    <ClCompile Include="Release\moc_aerogis_plugin.cpp">
      <Filter>Generated Files\Release</Filter>
    </ClCompile>
    <ClCompile Include="VSSProtocol.cpp">
      <Filter>Source Files</Filter>
    </ClCompile>
    <ClCompile Include="VSSRoutines.cpp">
      <Filter>Source Files</Filter>
    </ClCompile>
    <ClCompile Include="..\EarthWidget\ShaderGeneratorFix.cpp">
      <Filter>Source Files</Filter>
    </ClCompile>
    <ClCompile Include="Debug\moc_VSSComReader.cpp">
      <Filter>Generated Files\Debug</Filter>
    </ClCompile>
    <ClCompile Include="Release\moc_VSSComReader.cpp">
      <Filter>Generated Files\Release</Filter>
    </ClCompile>
    <ClCompile Include="VSSComReader.cpp">
      <Filter>Generated Files\Debug</Filter>
    </ClCompile>
    <ClCompile Include="VSSComReader.cpp">
      <Filter>Source Files</Filter>
    </ClCompile>
    <ClCompile Include="VSSWebReader.cpp">
      <Filter>Source Files</Filter>
    </ClCompile>
    <ClCompile Include="Debug\moc_VSSWebReader.cpp">
      <Filter>Generated Files\Debug</Filter>
    </ClCompile>
    <ClCompile Include="Release\moc_VSSWebReader.cpp">
      <Filter>Generated Files\Release</Filter>
    </ClCompile>
  </ItemGroup>
  <ItemGroup>
    <CustomBuild Include="AerogisConfig.h">
      <Filter>Header Files</Filter>
    </CustomBuild>
    <CustomBuild Include="AerogisCore.h">
      <Filter>Header Files</Filter>
    </CustomBuild>
    <CustomBuild Include="..\EarthWidget\EarthWidget.h">
      <Filter>Header Files</Filter>
    </CustomBuild>
    <CustomBuild Include="..\EarthWidget\OSGGroup.hpp">
      <Filter>Header Files</Filter>
    </CustomBuild>
    <CustomBuild Include="..\EarthWidget\OSGNode.hpp">
      <Filter>Header Files</Filter>
    </CustomBuild>
    <CustomBuild Include="..\EarthWidget\OSGNodeFile.hpp">
      <Filter>Header Files</Filter>
    </CustomBuild>
    <CustomBuild Include="..\EarthWidget\OSGViewport.hpp">
      <Filter>Header Files</Filter>
    </CustomBuild>
    <CustomBuild Include="..\EarthWidget\QuickWindowViewer.hpp">
      <Filter>Header Files</Filter>
    </CustomBuild>
    <CustomBuild Include="aerogis_plugin.h">
      <Filter>Header Files</Filter>
    </CustomBuild>
    <CustomBuild Include="..\..\bin\Aerogis\AerogisWidget.qml" />
    <CustomBuild Include="..\EarthWidget\Export.hpp">
      <Filter>Header Files</Filter>
    </CustomBuild>
    <CustomBuild Include="..\EarthWidget\ShaderFix.h">
      <Filter>Header Files</Filter>
    </CustomBuild>
    <CustomBuild Include="..\EarthWidget\Utility.hpp">
      <Filter>Header Files</Filter>
    </CustomBuild>
    <CustomBuild Include="VSSComReader.h">
      <Filter>Header Files</Filter>
    </CustomBuild>
    <CustomBuild Include="VSSWebReader.h">
      <Filter>Header Files</Filter>
    </CustomBuild>
  </ItemGroup>
  <ItemGroup>
    <CustomBuild Include="debug\OSGGroup.moc">
      <Filter>Generated Files</Filter>
    </CustomBuild>
    <CustomBuild Include="release\OSGGroup.moc">
      <Filter>Generated Files</Filter>
    </CustomBuild>
    <CustomBuild Include="debug\OSGNodeFile.moc">
      <Filter>Generated Files</Filter>
    </CustomBuild>
    <CustomBuild Include="release\OSGNodeFile.moc">
      <Filter>Generated Files</Filter>
    </CustomBuild>
    <CustomBuild Include="debug\OSGViewport.moc">
      <Filter>Generated Files</Filter>
    </CustomBuild>
    <CustomBuild Include="release\OSGViewport.moc">
      <Filter>Generated Files</Filter>
    </CustomBuild>
    <CustomBuild Include="debug\QuickWindowViewer.moc">
      <Filter>Generated Files</Filter>
    </CustomBuild>
    <CustomBuild Include="release\QuickWindowViewer.moc">
      <Filter>Generated Files</Filter>
    </CustomBuild>
  </ItemGroup>
  <ItemGroup>
    <ClInclude Include="VSSProtocol.h">
      <Filter>Header Files</Filter>
    </ClInclude>
    <ClInclude Include="VSSRoutines.h">
      <Filter>Header Files</Filter>
    </ClInclude>
    <ClInclude Include="..\EarthWidget\ShaderGeneratorFix.h">
      <Filter>Header Files</Filter>
    </ClInclude>
    <ClInclude Include="VSSComReader.h">
      <Filter>Generated Files</Filter>
    </ClInclude>
  </ItemGroup>
</Project>